
Microsoft Visual Studio Solution File, Format Version 12.00
# Visual Studio Version 17
VisualStudioVersion = 17.4.33122.133
MinimumVisualStudioVersion = 10.0.40219.1
Project("{FAE04EC0-301F-11D3-BF4B-00C04F79EFBC}") = "OpenWiiManager", "OpenWiiManager\OpenWiiManager.csproj", "{14C91C0A-52D6-4FF2-9A93-2C0CFC2FAFC7}"
EndProject
Global
	GlobalSection(SolutionConfigurationPlatforms) = preSolution
		Debug|Any CPU = Debug|Any CPU
		Release|Any CPU = Release|Any CPU
	EndGlobalSection
	GlobalSection(ProjectConfigurationPlatforms) = postSolution
		{14C91C0A-52D6-4FF2-9A93-2C0CFC2FAFC7}.Debug|Any CPU.ActiveCfg = Debug|Any CPU
		{14C91C0A-52D6-4FF2-9A93-2C0CFC2FAFC7}.Debug|Any CPU.Build.0 = Debug|Any CPU
		{14C91C0A-52D6-4FF2-9A93-2C0CFC2FAFC7}.Release|Any CPU.ActiveCfg = Release|Any CPU
		{14C91C0A-52D6-4FF2-9A93-2C0CFC2FAFC7}.Release|Any CPU.Build.0 = Release|Any CPU
	EndGlobalSection
	GlobalSection(SolutionProperties) = preSolution
		HideSolutionNode = FALSE
	EndGlobalSection
	GlobalSection(ExtensibilityGlobals) = postSolution
		SolutionGuid = {A2549AC5-5D6B-40DB-8489-C400EB7A3F0E}
	EndGlobalSection
EndGlobal
